// !$*UTF8*$!
{
	archiveVersion = 1;
	classes = {
	};
	objectVersion = 56;
	objects = {

/* Begin PBXBuildFile section */
		891CC99A2C09697300376A93 /* PlantScapeApp.swift in Sources */ = {isa = PBXBuildFile; fileRef = 891CC9992C09697300376A93 /* PlantScapeApp.swift */; };
		891CC99C2C09697300376A93 /* ContentView.swift in Sources */ = {isa = PBXBuildFile; fileRef = 891CC99B2C09697300376A93 /* ContentView.swift */; };
		891CC99E2C09697500376A93 /* Assets.xcassets in Resources */ = {isa = PBXBuildFile; fileRef = 891CC99D2C09697500376A93 /* Assets.xcassets */; };
		891CC9A12C09697500376A93 /* Preview Assets.xcassets in Resources */ = {isa = PBXBuildFile; fileRef = 891CC9A02C09697500376A93 /* Preview Assets.xcassets */; };
		891CC9AB2C097F2800376A93 /* ScannerView.swift in Sources */ = {isa = PBXBuildFile; fileRef = 891CC9AA2C097F2800376A93 /* ScannerView.swift */; };
		B40A017D2C0D56E900D834D9 /* Plant.swift in Sources */ = {isa = PBXBuildFile; fileRef = B40A017C2C0D56E900D834D9 /* Plant.swift */; };
		B40A01802C0D579000D834D9 /* DetailView.swift in Sources */ = {isa = PBXBuildFile; fileRef = B40A017F2C0D579000D834D9 /* DetailView.swift */; };
		B40A01822C0D5F9C00D834D9 /* MultipeerSession.swift in Sources */ = {isa = PBXBuildFile; fileRef = B40A01812C0D5F9C00D834D9 /* MultipeerSession.swift */; };
		B40A01862C0D715900D834D9 /* SharingView.swift in Sources */ = {isa = PBXBuildFile; fileRef = B40A01852C0D715900D834D9 /* SharingView.swift */; };
		B40A01892C0D7BC200D834D9 /* DummyPlantsData.swift in Sources */ = {isa = PBXBuildFile; fileRef = B40A01882C0D7BC200D834D9 /* DummyPlantsData.swift */; };
/* End PBXBuildFile section */

/* Begin PBXFileReference section */
		891CC9962C09697300376A93 /* PlantScape.app */ = {isa = PBXFileReference; explicitFileType = wrapper.application; includeInIndex = 0; path = PlantScape.app; sourceTree = BUILT_PRODUCTS_DIR; };
		891CC9992C09697300376A93 /* PlantScapeApp.swift */ = {isa = PBXFileReference; lastKnownFileType = sourcecode.swift; path = PlantScapeApp.swift; sourceTree = "<group>"; };
		891CC99B2C09697300376A93 /* ContentView.swift */ = {isa = PBXFileReference; lastKnownFileType = sourcecode.swift; path = ContentView.swift; sourceTree = "<group>"; };
		891CC99D2C09697500376A93 /* Assets.xcassets */ = {isa = PBXFileReference; lastKnownFileType = folder.assetcatalog; path = Assets.xcassets; sourceTree = "<group>"; };
		891CC9A02C09697500376A93 /* Preview Assets.xcassets */ = {isa = PBXFileReference; lastKnownFileType = folder.assetcatalog; path = "Preview Assets.xcassets"; sourceTree = "<group>"; };
		891CC9AA2C097F2800376A93 /* ScannerView.swift */ = {isa = PBXFileReference; lastKnownFileType = sourcecode.swift; path = ScannerView.swift; sourceTree = "<group>"; };
		B40A017C2C0D56E900D834D9 /* Plant.swift */ = {isa = PBXFileReference; lastKnownFileType = sourcecode.swift; path = Plant.swift; sourceTree = "<group>"; };
		B40A017F2C0D579000D834D9 /* DetailView.swift */ = {isa = PBXFileReference; lastKnownFileType = sourcecode.swift; path = DetailView.swift; sourceTree = "<group>"; };
		B40A01812C0D5F9C00D834D9 /* MultipeerSession.swift */ = {isa = PBXFileReference; lastKnownFileType = sourcecode.swift; path = MultipeerSession.swift; sourceTree = "<group>"; };
		B40A01832C0D5FC900D834D9 /* Info.plist */ = {isa = PBXFileReference; lastKnownFileType = text.plist.xml; path = Info.plist; sourceTree = "<group>"; };
		B40A01852C0D715900D834D9 /* SharingView.swift */ = {isa = PBXFileReference; lastKnownFileType = sourcecode.swift; path = SharingView.swift; sourceTree = "<group>"; };
		B40A01882C0D7BC200D834D9 /* DummyPlantsData.swift */ = {isa = PBXFileReference; lastKnownFileType = sourcecode.swift; path = DummyPlantsData.swift; sourceTree = "<group>"; };
/* End PBXFileReference section */

/* Begin PBXFrameworksBuildPhase section */
		891CC9932C09697300376A93 /* Frameworks */ = {
			isa = PBXFrameworksBuildPhase;
			buildActionMask = 2147483647;
			files = (
			);
			runOnlyForDeploymentPostprocessing = 0;
		};
/* End PBXFrameworksBuildPhase section */

/* Begin PBXGroup section */
		891CC98D2C09697300376A93 = {
			isa = PBXGroup;
			children = (
				891CC9982C09697300376A93 /* PlantScape */,
				891CC9972C09697300376A93 /* Products */,
			);
			sourceTree = "<group>";
		};
		891CC9972C09697300376A93 /* Products */ = {
			isa = PBXGroup;
			children = (
				891CC9962C09697300376A93 /* PlantScape.app */,
			);
			name = Products;
			sourceTree = "<group>";
		};
		891CC9982C09697300376A93 /* PlantScape */ = {
			isa = PBXGroup;
			children = (
				B40A01872C0D7BB400D834D9 /* Data */,
				B40A017A2C0D564000D834D9 /* Model */,
				B40A017E2C0D56FD00D834D9 /* Utils */,
				B40A017B2C0D564F00D834D9 /* View */,
				891CC99D2C09697500376A93 /* Assets.xcassets */,
				891CC9992C09697300376A93 /* PlantScapeApp.swift */,
				891CC99B2C09697300376A93 /* ContentView.swift */,
				B40A01832C0D5FC900D834D9 /* Info.plist */,
				891CC99F2C09697500376A93 /* Preview Content */,
			);
			path = PlantScape;
			sourceTree = "<group>";
		};
		891CC99F2C09697500376A93 /* Preview Content */ = {
			isa = PBXGroup;
			children = (
				891CC9A02C09697500376A93 /* Preview Assets.xcassets */,
			);
			path = "Preview Content";
			sourceTree = "<group>";
		};
		B40A017A2C0D564000D834D9 /* Model */ = {
			isa = PBXGroup;
			children = (
				B40A017C2C0D56E900D834D9 /* Plant.swift */,
			);
			path = Model;
			sourceTree = "<group>";
		};
		B40A017B2C0D564F00D834D9 /* View */ = {
			isa = PBXGroup;
			children = (
				B40A017F2C0D579000D834D9 /* DetailView.swift */,
				891CC9AA2C097F2800376A93 /* ScannerView.swift */,
				B40A01852C0D715900D834D9 /* SharingView.swift */,
			);
			path = View;
			sourceTree = "<group>";
		};
		B40A017E2C0D56FD00D834D9 /* Utils */ = {
			isa = PBXGroup;
			children = (
				B40A01812C0D5F9C00D834D9 /* MultipeerSession.swift */,
			);
			path = Utils;
			sourceTree = "<group>";
		};
		B40A01872C0D7BB400D834D9 /* Data */ = {
			isa = PBXGroup;
			children = (
				B40A01882C0D7BC200D834D9 /* DummyPlantsData.swift */,
			);
			path = Data;
			sourceTree = "<group>";
		};
/* End PBXGroup section */

/* Begin PBXNativeTarget section */
		891CC9952C09697300376A93 /* PlantScape */ = {
			isa = PBXNativeTarget;
			buildConfigurationList = 891CC9A42C09697500376A93 /* Build configuration list for PBXNativeTarget "PlantScape" */;
			buildPhases = (
				891CC9922C09697300376A93 /* Sources */,
				891CC9932C09697300376A93 /* Frameworks */,
				891CC9942C09697300376A93 /* Resources */,
			);
			buildRules = (
			);
			dependencies = (
			);
			name = PlantScape;
			productName = PlantScape;
			productReference = 891CC9962C09697300376A93 /* PlantScape.app */;
			productType = "com.apple.product-type.application";
		};
/* End PBXNativeTarget section */

/* Begin PBXProject section */
		891CC98E2C09697300376A93 /* Project object */ = {
			isa = PBXProject;
			attributes = {
				BuildIndependentTargetsInParallel = 1;
				LastSwiftUpdateCheck = 1520;
				LastUpgradeCheck = 1520;
				TargetAttributes = {
					891CC9952C09697300376A93 = {
						CreatedOnToolsVersion = 15.2;
					};
				};
			};
			buildConfigurationList = 891CC9912C09697300376A93 /* Build configuration list for PBXProject "PlantScape" */;
			compatibilityVersion = "Xcode 14.0";
			developmentRegion = en;
			hasScannedForEncodings = 0;
			knownRegions = (
				en,
				Base,
			);
			mainGroup = 891CC98D2C09697300376A93;
			productRefGroup = 891CC9972C09697300376A93 /* Products */;
			projectDirPath = "";
			projectRoot = "";
			targets = (
				891CC9952C09697300376A93 /* PlantScape */,
			);
		};
/* End PBXProject section */

/* Begin PBXResourcesBuildPhase section */
		891CC9942C09697300376A93 /* Resources */ = {
			isa = PBXResourcesBuildPhase;
			buildActionMask = 2147483647;
			files = (
				891CC9A12C09697500376A93 /* Preview Assets.xcassets in Resources */,
				891CC99E2C09697500376A93 /* Assets.xcassets in Resources */,
			);
			runOnlyForDeploymentPostprocessing = 0;
		};
/* End PBXResourcesBuildPhase section */

/* Begin PBXSourcesBuildPhase section */
		891CC9922C09697300376A93 /* Sources */ = {
			isa = PBXSourcesBuildPhase;
			buildActionMask = 2147483647;
			files = (
				B40A01862C0D715900D834D9 /* SharingView.swift in Sources */,
				B40A01822C0D5F9C00D834D9 /* MultipeerSession.swift in Sources */,
				B40A01892C0D7BC200D834D9 /* DummyPlantsData.swift in Sources */,
				891CC9AB2C097F2800376A93 /* ScannerView.swift in Sources */,
				B40A017D2C0D56E900D834D9 /* Plant.swift in Sources */,
				891CC99C2C09697300376A93 /* ContentView.swift in Sources */,
				B40A01802C0D579000D834D9 /* DetailView.swift in Sources */,
				891CC99A2C09697300376A93 /* PlantScapeApp.swift in Sources */,
			);
			runOnlyForDeploymentPostprocessing = 0;
		};
/* End PBXSourcesBuildPhase section */

/* Begin XCBuildConfiguration section */
		891CC9A22C09697500376A93 /* Debug */ = {
			isa = XCBuildConfiguration;
			buildSettings = {
				ALWAYS_SEARCH_USER_PATHS = NO;
				ASSETCATALOG_COMPILER_GENERATE_SWIFT_ASSET_SYMBOL_EXTENSIONS = YES;
				CLANG_ANALYZER_NONNULL = YES;
				CLANG_ANALYZER_NUMBER_OBJECT_CONVERSION = YES_AGGRESSIVE;
				CLANG_CXX_LANGUAGE_STANDARD = "gnu++20";
				CLANG_ENABLE_MODULES = YES;
				CLANG_ENABLE_OBJC_ARC = YES;
				CLANG_ENABLE_OBJC_WEAK = YES;
				CLANG_WARN_BLOCK_CAPTURE_AUTORELEASING = YES;
				CLANG_WARN_BOOL_CONVERSION = YES;
				CLANG_WARN_COMMA = YES;
				CLANG_WARN_CONSTANT_CONVERSION = YES;
				CLANG_WARN_DEPRECATED_OBJC_IMPLEMENTATIONS = YES;
				CLANG_WARN_DIRECT_OBJC_ISA_USAGE = YES_ERROR;
				CLANG_WARN_DOCUMENTATION_COMMENTS = YES;
				CLANG_WARN_EMPTY_BODY = YES;
				CLANG_WARN_ENUM_CONVERSION = YES;
				CLANG_WARN_INFINITE_RECURSION = YES;
				CLANG_WARN_INT_CONVERSION = YES;
				CLANG_WARN_NON_LITERAL_NULL_CONVERSION = YES;
				CLANG_WARN_OBJC_IMPLICIT_RETAIN_SELF = YES;
				CLANG_WARN_OBJC_LITERAL_CONVERSION = YES;
				CLANG_WARN_OBJC_ROOT_CLASS = YES_ERROR;
				CLANG_WARN_QUOTED_INCLUDE_IN_FRAMEWORK_HEADER = YES;
				CLANG_WARN_RANGE_LOOP_ANALYSIS = YES;
				CLANG_WARN_STRICT_PROTOTYPES = YES;
				CLANG_WARN_SUSPICIOUS_MOVE = YES;
				CLANG_WARN_UNGUARDED_AVAILABILITY = YES_AGGRESSIVE;
				CLANG_WARN_UNREACHABLE_CODE = YES;
				CLANG_WARN__DUPLICATE_METHOD_MATCH = YES;
				COPY_PHASE_STRIP = NO;
				DEBUG_INFORMATION_FORMAT = dwarf;
				ENABLE_STRICT_OBJC_MSGSEND = YES;
				ENABLE_TESTABILITY = YES;
				ENABLE_USER_SCRIPT_SANDBOXING = YES;
				GCC_C_LANGUAGE_STANDARD = gnu17;
				GCC_DYNAMIC_NO_PIC = NO;
				GCC_NO_COMMON_BLOCKS = YES;
				GCC_OPTIMIZATION_LEVEL = 0;
				GCC_PREPROCESSOR_DEFINITIONS = (
					"DEBUG=1",
					"$(inherited)",
				);
				GCC_WARN_64_TO_32_BIT_CONVERSION = YES;
				GCC_WARN_ABOUT_RETURN_TYPE = YES_ERROR;
				GCC_WARN_UNDECLARED_SELECTOR = YES;
				GCC_WARN_UNINITIALIZED_AUTOS = YES_AGGRESSIVE;
				GCC_WARN_UNUSED_FUNCTION = YES;
				GCC_WARN_UNUSED_VARIABLE = YES;
				IPHONEOS_DEPLOYMENT_TARGET = 17.2;
				LOCALIZATION_PREFERS_STRING_CATALOGS = YES;
				MTL_ENABLE_DEBUG_INFO = INCLUDE_SOURCE;
				MTL_FAST_MATH = YES;
				ONLY_ACTIVE_ARCH = YES;
				SDKROOT = iphoneos;
				SWIFT_ACTIVE_COMPILATION_CONDITIONS = "DEBUG $(inherited)";
				SWIFT_OPTIMIZATION_LEVEL = "-Onone";
			};
			name = Debug;
		};
		891CC9A32C09697500376A93 /* Release */ = {
			isa = XCBuildConfiguration;
			buildSettings = {
				ALWAYS_SEARCH_USER_PATHS = NO;
				ASSETCATALOG_COMPILER_GENERATE_SWIFT_ASSET_SYMBOL_EXTENSIONS = YES;
				CLANG_ANALYZER_NONNULL = YES;
				CLANG_ANALYZER_NUMBER_OBJECT_CONVERSION = YES_AGGRESSIVE;
				CLANG_CXX_LANGUAGE_STANDARD = "gnu++20";
				CLANG_ENABLE_MODULES = YES;
				CLANG_ENABLE_OBJC_ARC = YES;
				CLANG_ENABLE_OBJC_WEAK = YES;
				CLANG_WARN_BLOCK_CAPTURE_AUTORELEASING = YES;
				CLANG_WARN_BOOL_CONVERSION = YES;
				CLANG_WARN_COMMA = YES;
				CLANG_WARN_CONSTANT_CONVERSION = YES;
				CLANG_WARN_DEPRECATED_OBJC_IMPLEMENTATIONS = YES;
				CLANG_WARN_DIRECT_OBJC_ISA_USAGE = YES_ERROR;
				CLANG_WARN_DOCUMENTATION_COMMENTS = YES;
				CLANG_WARN_EMPTY_BODY = YES;
				CLANG_WARN_ENUM_CONVERSION = YES;
				CLANG_WARN_INFINITE_RECURSION = YES;
				CLANG_WARN_INT_CONVERSION = YES;
				CLANG_WARN_NON_LITERAL_NULL_CONVERSION = YES;
				CLANG_WARN_OBJC_IMPLICIT_RETAIN_SELF = YES;
				CLANG_WARN_OBJC_LITERAL_CONVERSION = YES;
				CLANG_WARN_OBJC_ROOT_CLASS = YES_ERROR;
				CLANG_WARN_QUOTED_INCLUDE_IN_FRAMEWORK_HEADER = YES;
				CLANG_WARN_RANGE_LOOP_ANALYSIS = YES;
				CLANG_WARN_STRICT_PROTOTYPES = YES;
				CLANG_WARN_SUSPICIOUS_MOVE = YES;
				CLANG_WARN_UNGUARDED_AVAILABILITY = YES_AGGRESSIVE;
				CLANG_WARN_UNREACHABLE_CODE = YES;
				CLANG_WARN__DUPLICATE_METHOD_MATCH = YES;
				COPY_PHASE_STRIP = NO;
				DEBUG_INFORMATION_FORMAT = "dwarf-with-dsym";
				ENABLE_NS_ASSERTIONS = NO;
				ENABLE_STRICT_OBJC_MSGSEND = YES;
				ENABLE_USER_SCRIPT_SANDBOXING = YES;
				GCC_C_LANGUAGE_STANDARD = gnu17;
				GCC_NO_COMMON_BLOCKS = YES;
				GCC_WARN_64_TO_32_BIT_CONVERSION = YES;
				GCC_WARN_ABOUT_RETURN_TYPE = YES_ERROR;
				GCC_WARN_UNDECLARED_SELECTOR = YES;
				GCC_WARN_UNINITIALIZED_AUTOS = YES_AGGRESSIVE;
				GCC_WARN_UNUSED_FUNCTION = YES;
				GCC_WARN_UNUSED_VARIABLE = YES;
				IPHONEOS_DEPLOYMENT_TARGET = 17.2;
				LOCALIZATION_PREFERS_STRING_CATALOGS = YES;
				MTL_ENABLE_DEBUG_INFO = NO;
				MTL_FAST_MATH = YES;
				SDKROOT = iphoneos;
				SWIFT_COMPILATION_MODE = wholemodule;
				VALIDATE_PRODUCT = YES;
			};
			name = Release;
		};
		891CC9A52C09697500376A93 /* Debug */ = {
			isa = XCBuildConfiguration;
			buildSettings = {
				ASSETCATALOG_COMPILER_APPICON_NAME = AppIcon;
				ASSETCATALOG_COMPILER_GLOBAL_ACCENT_COLOR_NAME = AccentColor;
				CODE_SIGN_STYLE = Automatic;
				CURRENT_PROJECT_VERSION = 1;
				DEVELOPMENT_ASSET_PATHS = "\"PlantScape/Preview Content\"";
				DEVELOPMENT_TEAM = S929UZL64F;
				ENABLE_PREVIEWS = YES;
				GENERATE_INFOPLIST_FILE = YES;
				INFOPLIST_KEY_UIApplicationSceneManifest_Generation = YES;
				INFOPLIST_KEY_UIApplicationSupportsIndirectInputEvents = YES;
				INFOPLIST_KEY_UILaunchScreen_Generation = YES;
				INFOPLIST_KEY_UISupportedInterfaceOrientations_iPad = "UIInterfaceOrientationPortrait UIInterfaceOrientationPortraitUpsideDown UIInterfaceOrientationLandscapeLeft UIInterfaceOrientationLandscapeRight";
				INFOPLIST_KEY_UISupportedInterfaceOrientations_iPhone = "UIInterfaceOrientationPortrait UIInterfaceOrientationLandscapeLeft UIInterfaceOrientationLandscapeRight";
				LD_RUNPATH_SEARCH_PATHS = (
					"$(inherited)",
					"@executable_path/Frameworks",
				);
				MARKETING_VERSION = 1.0;
				PRODUCT_BUNDLE_IDENTIFIER = com.vron.PlantScape;
				PRODUCT_NAME = "$(TARGET_NAME)";
				SWIFT_EMIT_LOC_STRINGS = YES;
				SWIFT_VERSION = 5.0;
				TARGETED_DEVICE_FAMILY = "1,2";
			};
			name = Debug;
		};
		891CC9A62C09697500376A93 /* Release */ = {
			isa = XCBuildConfiguration;
			buildSettings = {
				ASSETCATALOG_COMPILER_APPICON_NAME = AppIcon;
				ASSETCATALOG_COMPILER_GLOBAL_ACCENT_COLOR_NAME = AccentColor;
				CODE_SIGN_STYLE = Automatic;
				CURRENT_PROJECT_VERSION = 1;
				DEVELOPMENT_ASSET_PATHS = "\"PlantScape/Preview Content\"";
				DEVELOPMENT_TEAM = S929UZL64F;
				ENABLE_PREVIEWS = YES;
				GENERATE_INFOPLIST_FILE = YES;
				INFOPLIST_KEY_UIApplicationSceneManifest_Generation = YES;
				INFOPLIST_KEY_UIApplicationSupportsIndirectInputEvents = YES;
				INFOPLIST_KEY_UILaunchScreen_Generation = YES;
				INFOPLIST_KEY_UISupportedInterfaceOrientations_iPad = "UIInterfaceOrientationPortrait UIInterfaceOrientationPortraitUpsideDown UIInterfaceOrientationLandscapeLeft UIInterfaceOrientationLandscapeRight";
				INFOPLIST_KEY_UISupportedInterfaceOrientations_iPhone = "UIInterfaceOrientationPortrait UIInterfaceOrientationLandscapeLeft UIInterfaceOrientationLandscapeRight";
				LD_RUNPATH_SEARCH_PATHS = (
					"$(inherited)",
					"@executable_path/Frameworks",
				);
				MARKETING_VERSION = 1.0;
				PRODUCT_BUNDLE_IDENTIFIER = com.vron.PlantScape;
				PRODUCT_NAME = "$(TARGET_NAME)";
				SWIFT_EMIT_LOC_STRINGS = YES;
				SWIFT_VERSION = 5.0;
				TARGETED_DEVICE_FAMILY = "1,2";
			};
			name = Release;
		};
/* End XCBuildConfiguration section */

/* Begin XCConfigurationList section */
		891CC9912C09697300376A93 /* Build configuration list for PBXProject "PlantScape" */ = {
			isa = XCConfigurationList;
			buildConfigurations = (
				891CC9A22C09697500376A93 /* Debug */,
				891CC9A32C09697500376A93 /* Release */,
			);
			defaultConfigurationIsVisible = 0;
			defaultConfigurationName = Release;
		};
		891CC9A42C09697500376A93 /* Build configuration list for PBXNativeTarget "PlantScape" */ = {
			isa = XCConfigurationList;
			buildConfigurations = (
				891CC9A52C09697500376A93 /* Debug */,
				891CC9A62C09697500376A93 /* Release */,
			);
			defaultConfigurationIsVisible = 0;
			defaultConfigurationName = Release;
		};
/* End XCConfigurationList section */
	};
	rootObject = 891CC98E2C09697300376A93 /* Project object */;
}
